<?xml version="1.0" encoding="utf-8"?>
<Project ToolsVersion="4.0" xmlns:atg="http://atg.xbox.com" xmlns="http://schemas.microsoft.com/developer/msbuild/2003">
  <ItemGroup>
    <Filter Include="Resource Files">
      <UniqueIdentifier>{8e114980-c1a3-4ada-ad7c-83caadf5daeb}</UniqueIdentifier>
      <Extensions>rc;ico;cur;bmp;dlg;rc2;rct;bin;rgs;gif;jpg;jpeg;jpe</Extensions>
    </Filter>
    <Filter Include="Shaders">
      <UniqueIdentifier>{2c3d4c8c-5d1a-459a-a05a-a4e4b608a44e}</UniqueIdentifier>
      <Extensions>fx;fxh;hlsl</Extensions>
    </Filter>
    <Filter Include="Utillities">
      <UniqueIdentifier>{2554a20e-a056-4154-a3ae-cf5d9f3d273f}</UniqueIdentifier>
    </Filter>
    <Filter Include="GameStage">
      <UniqueIdentifier>{32b8424e-8f68-4ee0-9cff-89acc2f13bb9}</UniqueIdentifier>
    </Filter>
    <Filter Include="Include">
      <UniqueIdentifier>{98a0eace-d877-41ab-8bf9-9fd0d29947ac}</UniqueIdentifier>
    </Filter>
    <Filter Include="Include\PTypes">
      <UniqueIdentifier>{bd825148-beb6-4d50-8f9e-88c7eb9655f5}</UniqueIdentifier>
    </Filter>
    <Filter Include="Include\CBitmapEx">
      <UniqueIdentifier>{935cef80-824c-4ca4-8c71-9834b643ed46}</UniqueIdentifier>
    </Filter>
    <Filter Include="Include\EOServ">
      <UniqueIdentifier>{20f71f83-0f02-41ed-9a86-6060d3ac6ccb}</UniqueIdentifier>
    </Filter>
    <Filter Include="Include\EOMap">
      <UniqueIdentifier>{e11ae005-450c-49b4-a2d5-127c09f8d13e}</UniqueIdentifier>
    </Filter>
    <Filter Include="Include\EOMap\Utils">
      <UniqueIdentifier>{304f8fe2-82a5-48b3-8102-469d08fe1df8}</UniqueIdentifier>
    </Filter>
    <Filter Include="GameStage\Map_Element">
      <UniqueIdentifier>{c536eee3-b70c-41dd-b7b2-adca7c36f2ce}</UniqueIdentifier>
    </Filter>
    <Filter Include="GameStage\Map_UI">
      <UniqueIdentifier>{73d36283-d4b0-420c-88c8-aed4d866d2ab}</UniqueIdentifier>
    </Filter>
    <Filter Include="Packet_Handler">
      <UniqueIdentifier>{a12348a6-0210-4eba-8c15-53cb2d3d1423}</UniqueIdentifier>
    </Filter>
    <Filter Include="Packet_Handler\Receive">
      <UniqueIdentifier>{c86d22eb-501a-4e0f-8996-a650800febdf}</UniqueIdentifier>
    </Filter>
    <Filter Include="Packet_Handler\Send">
      <UniqueIdentifier>{1acd82c4-40aa-4c62-8948-8c596d201baf}</UniqueIdentifier>
    </Filter>
  </ItemGroup>
  <ItemGroup>
    <ClCompile Include="Game.cpp" />
    <ClCompile Include="EODev.cpp" />
    <ClCompile Include="stdafx.cpp" />
    <ClCompile Include="Connection.cpp" />
    <ClCompile Include="include\CBitmapEx\BitmapEx.cpp">
      <Filter>Include\CBitmapEx</Filter>
    </ClCompile>
    <ClCompile Include="include\EOServ\packet.cpp">
      <Filter>Include\EOServ</Filter>
    </ClCompile>
    <ClCompile Include="include\EOMap\eo_data.cpp">
      <Filter>Include\EOMap</Filter>
    </ClCompile>
    <ClCompile Include="include\EOMap\eo_stream.cpp">
      <Filter>Include\EOMap</Filter>
    </ClCompile>
    <ClCompile Include="include\EOMap\pub_structs.cpp">
      <Filter>Include\EOMap</Filter>
    </ClCompile>
    <ClCompile Include="include\EOMap\util\cio\cio.cpp">
      <Filter>Include\EOMap\Utils</Filter>
    </ClCompile>
    <ClCompile Include="include\EOServ\eodata.cpp">
      <Filter>Include\EOServ</Filter>
    </ClCompile>
    <ClCompile Include="Utilities\Button.cpp">
      <Filter>Utillities</Filter>
    </ClCompile>
    <ClCompile Include="Utilities\ConfigFile.cpp">
      <Filter>Utillities</Filter>
    </ClCompile>
    <ClCompile Include="Utilities\Messagebox.cpp">
      <Filter>Utillities</Filter>
    </ClCompile>
    <ClCompile Include="Utilities\Textbox.cpp">
      <Filter>Utillities</Filter>
    </ClCompile>
    <ClCompile Include="Utilities\TextTools.cpp">
      <Filter>Utillities</Filter>
    </ClCompile>
    <ClCompile Include="Utilities\UI_ScrollBar.cpp">
      <Filter>Utillities</Filter>
    </ClCompile>
    <ClCompile Include="Utilities\UI_Element.cpp">
      <Filter>Utillities</Filter>
    </ClCompile>
    <ClCompile Include="Game_Stage\Map_UI\Map_UI.cpp">
      <Filter>GameStage\Map_UI</Filter>
    </ClCompile>
    <ClCompile Include="Game_Stage\Map_UI\Map_UI_CharacterStats.cpp">
      <Filter>GameStage\Map_UI</Filter>
    </ClCompile>
    <ClCompile Include="Game_Stage\Map_UI\Map_UI_GameHelp.cpp">
      <Filter>GameStage\Map_UI</Filter>
    </ClCompile>
    <ClCompile Include="Game_Stage\Map_UI\Map_UI_GameSettings.cpp">
      <Filter>GameStage\Map_UI</Filter>
    </ClCompile>
    <ClCompile Include="Game_Stage\Map_UI\Map_UI_Inventory.cpp">
      <Filter>GameStage\Map_UI</Filter>
    </ClCompile>
    <ClCompile Include="Game_Stage\Map_UI\Map_UI_KeyboardMacros.cpp">
      <Filter>GameStage\Map_UI</Filter>
    </ClCompile>
    <ClCompile Include="Game_Stage\Map_UI\Map_UI_Map.cpp">
      <Filter>GameStage\Map_UI</Filter>
    </ClCompile>
    <ClCompile Include="Game_Stage\Map_UI\Map_UI_News.cpp">
      <Filter>GameStage\Map_UI</Filter>
    </ClCompile>
    <ClCompile Include="Game_Stage\Map_UI\Map_UI_Party.cpp">
      <Filter>GameStage\Map_UI</Filter>
    </ClCompile>
    <ClCompile Include="Game_Stage\Map_UI\Map_UI_PassiveSkills.cpp">
      <Filter>GameStage\Map_UI</Filter>
    </ClCompile>
    <ClCompile Include="Game_Stage\Map_UI\Map_UI_SelectPlayer.cpp">
      <Filter>GameStage\Map_UI</Filter>
    </ClCompile>
    <ClCompile Include="Game_Stage\Map_UI\Map_UI_Skills.cpp">
      <Filter>GameStage\Map_UI</Filter>
    </ClCompile>
    <ClCompile Include="Game_Stage\Map_UI\Map_UI_Talk.cpp">
      <Filter>GameStage\Map_UI</Filter>
    </ClCompile>
    <ClCompile Include="Game_Stage\Map_UI\Map_UI_WhoIsOnline.cpp">
      <Filter>GameStage\Map_UI</Filter>
    </ClCompile>
    <ClCompile Include="Game_Stage\Map_Element\Map_NPC.cpp">
      <Filter>GameStage\Map_Element</Filter>
    </ClCompile>
    <ClCompile Include="Game_Stage\Map_Element\Map_Player.cpp">
      <Filter>GameStage\Map_Element</Filter>
    </ClCompile>
    <ClCompile Include="Game_Stage\Map.cpp">
      <Filter>GameStage</Filter>
    </ClCompile>
    <ClCompile Include="World.cpp" />
    <ClCompile Include="Utilities\Resource_Manager.cpp">
      <Filter>Utillities</Filter>
    </ClCompile>
    <ClCompile Include="Packet_Handler\Receive\Handler.cpp">
      <Filter>Packet_Handler\Receive</Filter>
    </ClCompile>
    <ClCompile Include="Packet_Handler\Receive\RAccount.cpp">
      <Filter>Packet_Handler\Receive</Filter>
    </ClCompile>
    <ClCompile Include="Packet_Handler\Receive\RAppear.cpp">
      <Filter>Packet_Handler\Receive</Filter>
    </ClCompile>
    <ClCompile Include="Packet_Handler\Receive\RAttack.cpp">
      <Filter>Packet_Handler\Receive</Filter>
    </ClCompile>
    <ClCompile Include="Packet_Handler\Receive\RAvatar.cpp">
      <Filter>Packet_Handler\Receive</Filter>
    </ClCompile>
    <ClCompile Include="Packet_Handler\Receive\RCharacter.cpp">
      <Filter>Packet_Handler\Receive</Filter>
    </ClCompile>
    <ClCompile Include="Packet_Handler\Receive\RConnection.cpp">
      <Filter>Packet_Handler\Receive</Filter>
    </ClCompile>
    <ClCompile Include="Packet_Handler\Receive\RFace.cpp">
      <Filter>Packet_Handler\Receive</Filter>
    </ClCompile>
    <ClCompile Include="Packet_Handler\Receive\RInit.cpp">
      <Filter>Packet_Handler\Receive</Filter>
    </ClCompile>
    <ClCompile Include="Packet_Handler\Receive\RItem.cpp">
      <Filter>Packet_Handler\Receive</Filter>
    </ClCompile>
    <ClCompile Include="Packet_Handler\Receive\RLogin.cpp">
      <Filter>Packet_Handler\Receive</Filter>
    </ClCompile>
    <ClCompile Include="Packet_Handler\Receive\RNpc.cpp">
      <Filter>Packet_Handler\Receive</Filter>
    </ClCompile>
    <ClCompile Include="Packet_Handler\Receive\RPaperdoll.cpp">
      <Filter>Packet_Handler\Receive</Filter>
    </ClCompile>
    <ClCompile Include="Packet_Handler\Receive\RPlayers.cpp">
      <Filter>Packet_Handler\Receive</Filter>
    </ClCompile>
    <ClCompile Include="Packet_Handler\Receive\RRefresh.cpp">
      <Filter>Packet_Handler\Receive</Filter>
    </ClCompile>
    <ClCompile Include="Packet_Handler\Receive\RTalk.cpp">
      <Filter>Packet_Handler\Receive</Filter>
    </ClCompile>
    <ClCompile Include="Packet_Handler\Receive\RWalk.cpp">
      <Filter>Packet_Handler\Receive</Filter>
    </ClCompile>
    <ClCompile Include="Packet_Handler\Receive\RWarp.cpp">
      <Filter>Packet_Handler\Receive</Filter>
    </ClCompile>
    <ClCompile Include="Packet_Handler\Receive\RWelcome.cpp">
      <Filter>Packet_Handler\Receive</Filter>
    </ClCompile>
    <ClCompile Include="Packet_Handler\Send\SAccount.cpp">
      <Filter>Packet_Handler\Send</Filter>
    </ClCompile>
    <ClCompile Include="Packet_Handler\Send\SAttack.cpp">
      <Filter>Packet_Handler\Send</Filter>
    </ClCompile>
    <ClCompile Include="Packet_Handler\Send\SCharacter.cpp">
      <Filter>Packet_Handler\Send</Filter>
    </ClCompile>
    <ClCompile Include="Packet_Handler\Send\SConnection.cpp">
      <Filter>Packet_Handler\Send</Filter>
    </ClCompile>
    <ClCompile Include="Packet_Handler\Send\SDoor.cpp">
      <Filter>Packet_Handler\Send</Filter>
    </ClCompile>
    <ClCompile Include="Packet_Handler\Send\SFace.cpp">
      <Filter>Packet_Handler\Send</Filter>
    </ClCompile>
    <ClCompile Include="Packet_Handler\Send\SInit.cpp">
      <Filter>Packet_Handler\Send</Filter>
    </ClCompile>
    <ClCompile Include="Packet_Handler\Send\SItem.cpp">
      <Filter>Packet_Handler\Send</Filter>
    </ClCompile>
    <ClCompile Include="Packet_Handler\Send\SLogin.cpp">
      <Filter>Packet_Handler\Send</Filter>
    </ClCompile>
    <ClCompile Include="Packet_Handler\Send\SPaperdoll.cpp">
      <Filter>Packet_Handler\Send</Filter>
    </ClCompile>
    <ClCompile Include="Packet_Handler\Send\SPlayers.cpp">
      <Filter>Packet_Handler\Send</Filter>
    </ClCompile>
    <ClCompile Include="Packet_Handler\Send\SRefresh.cpp">
      <Filter>Packet_Handler\Send</Filter>
    </ClCompile>
    <ClCompile Include="Packet_Handler\Send\STalk.cpp">
      <Filter>Packet_Handler\Send</Filter>
    </ClCompile>
    <ClCompile Include="Packet_Handler\Send\SWalk.cpp">
      <Filter>Packet_Handler\Send</Filter>
    </ClCompile>
    <ClCompile Include="Packet_Handler\Send\SWarp.cpp">
      <Filter>Packet_Handler\Send</Filter>
    </ClCompile>
    <ClCompile Include="Packet_Handler\Send\SWelcome.cpp">
      <Filter>Packet_Handler\Send</Filter>
    </ClCompile>
    <ClCompile Include="Game_Stage\Map_UI\Map_UI_Cursor.cpp">
      <Filter>GameStage\Map_UI</Filter>
    </ClCompile>
    <ClCompile Include="Game_Stage\Map_UI\Map_UI_ChatBubbleHandler.cpp">
      <Filter>GameStage\Map_UI</Filter>
    </ClCompile>
    <ClCompile Include="Game_Stage\Menu.cpp">
      <Filter>GameStage</Filter>
    </ClCompile>
    <ClCompile Include="Utilities\UI_InformationBox.cpp">
      <Filter>Utillities</Filter>
    </ClCompile>
    <ClCompile Include="Packet_Handler\Send\SShop.cpp">
      <Filter>Packet_Handler\Send</Filter>
    </ClCompile>
    <ClCompile Include="Packet_Handler\Receive\RShop.cpp">
      <Filter>Packet_Handler\Receive</Filter>
    </ClCompile>
    <ClCompile Include="Game_Stage\Map_Element\CharacterModel.cpp">
      <Filter>GameStage\Map_Element</Filter>
    </ClCompile>
    <ClCompile Include="Packet_Handler\Receive\RChest.cpp">
      <Filter>Packet_Handler\Receive</Filter>
    </ClCompile>
    <ClCompile Include="Packet_Handler\Send\SChest.cpp">
      <Filter>Packet_Handler\Send</Filter>
    </ClCompile>
  </ItemGroup>
  <ItemGroup>
    <ClInclude Include="Game.h" />
    <ClInclude Include="stdafx.h" />
    <ClInclude Include="include\Ptypes\pasync.h">
      <Filter>Include\PTypes</Filter>
    </ClInclude>
    <ClInclude Include="include\Ptypes\pinet.h">
      <Filter>Include\PTypes</Filter>
    </ClInclude>
    <ClInclude Include="include\Ptypes\pport.h">
      <Filter>Include\PTypes</Filter>
    </ClInclude>
    <ClInclude Include="include\Ptypes\pstreams.h">
      <Filter>Include\PTypes</Filter>
    </ClInclude>
    <ClInclude Include="include\Ptypes\ptime.h">
      <Filter>Include\PTypes</Filter>
    </ClInclude>
    <ClInclude Include="include\Ptypes\ptypes.h">
      <Filter>Include\PTypes</Filter>
    </ClInclude>
    <ClInclude Include="Connection.h" />
    <ClInclude Include="include\CBitmapEx\BitmapEx.h">
      <Filter>Include\CBitmapEx</Filter>
    </ClInclude>
    <ClInclude Include="include\EOServ\packet.hpp">
      <Filter>Include\EOServ</Filter>
    </ClInclude>
    <ClInclude Include="include\EOMap\eo_data.hpp">
      <Filter>Include\EOMap</Filter>
    </ClInclude>
    <ClInclude Include="include\EOMap\eo_stream.hpp">
      <Filter>Include\EOMap</Filter>
    </ClInclude>
    <ClInclude Include="include\EOMap\eo_types.hpp">
      <Filter>Include\EOMap</Filter>
    </ClInclude>
    <ClInclude Include="include\EOMap\common.hpp">
      <Filter>Include\EOMap</Filter>
    </ClInclude>
    <ClInclude Include="include\EOMap\Stdafx.h">
      <Filter>Include\EOMap</Filter>
    </ClInclude>
    <ClInclude Include="include\EOMap\pub_structs.hpp">
      <Filter>Include\EOMap</Filter>
    </ClInclude>
    <ClInclude Include="include\EOMap\pub_enums.hpp">
      <Filter>Include\EOMap</Filter>
    </ClInclude>
    <ClInclude Include="include\EOMap\util\cio\cio.hpp">
      <Filter>Include\EOMap\Utils</Filter>
    </ClInclude>
    <ClInclude Include="include\EOMap\util\cio\Stdafx.h">
      <Filter>Include\EOMap\Utils</Filter>
    </ClInclude>
    <ClInclude Include="include\EOServ\eodata.hpp">
      <Filter>Include\EOServ</Filter>
    </ClInclude>
    <ClInclude Include="Utilities\Button.h">
      <Filter>Utillities</Filter>
    </ClInclude>
    <ClInclude Include="Utilities\ConfigFile.h">
      <Filter>Utillities</Filter>
    </ClInclude>
    <ClInclude Include="Utilities\Textbox.h">
      <Filter>Utillities</Filter>
    </ClInclude>
    <ClInclude Include="Utilities\TextTools.h">
      <Filter>Utillities</Filter>
    </ClInclude>
    <ClInclude Include="Utilities\UI_ScrollBar.h">
      <Filter>Utillities</Filter>
    </ClInclude>
    <ClInclude Include="Utilities\UI_Element.h">
      <Filter>Utillities</Filter>
    </ClInclude>
    <ClInclude Include="Game_Stage\Map_UI\Map_UI.h">
      <Filter>GameStage\Map_UI</Filter>
    </ClInclude>
    <ClInclude Include="Game_Stage\Map_UI\Map_UI_CharacterStats.h">
      <Filter>GameStage\Map_UI</Filter>
    </ClInclude>
    <ClInclude Include="Game_Stage\Map_UI\Map_UI_GameHelp.h">
      <Filter>GameStage\Map_UI</Filter>
    </ClInclude>
    <ClInclude Include="Game_Stage\Map_UI\Map_UI_GameSettings.h">
      <Filter>GameStage\Map_UI</Filter>
    </ClInclude>
    <ClInclude Include="Game_Stage\Map_UI\Map_UI_Inventory.h">
      <Filter>GameStage\Map_UI</Filter>
    </ClInclude>
    <ClInclude Include="Game_Stage\Map_UI\Map_UI_KeyboardMacros.h">
      <Filter>GameStage\Map_UI</Filter>
    </ClInclude>
    <ClInclude Include="Game_Stage\Map_UI\Map_UI_Map.h">
      <Filter>GameStage\Map_UI</Filter>
    </ClInclude>
    <ClInclude Include="Game_Stage\Map_UI\Map_UI_News.h">
      <Filter>GameStage\Map_UI</Filter>
    </ClInclude>
    <ClInclude Include="Game_Stage\Map_UI\Map_UI_Party.h">
      <Filter>GameStage\Map_UI</Filter>
    </ClInclude>
    <ClInclude Include="Game_Stage\Map_UI\Map_UI_PassiveSkills.h">
      <Filter>GameStage\Map_UI</Filter>
    </ClInclude>
    <ClInclude Include="Game_Stage\Map_UI\Map_UI_SelectPlayer.h">
      <Filter>GameStage\Map_UI</Filter>
    </ClInclude>
    <ClInclude Include="Game_Stage\Map_UI\Map_UI_Skills.h">
      <Filter>GameStage\Map_UI</Filter>
    </ClInclude>
    <ClInclude Include="Game_Stage\Map_UI\Map_UI_Talk.h">
      <Filter>GameStage\Map_UI</Filter>
    </ClInclude>
    <ClInclude Include="Game_Stage\Map_UI\Map_UI_WhoIsOnline.h">
      <Filter>GameStage\Map_UI</Filter>
    </ClInclude>
    <ClInclude Include="Game_Stage\Map_Element\Map_NPC.h">
      <Filter>GameStage\Map_Element</Filter>
    </ClInclude>
    <ClInclude Include="Game_Stage\Map_Element\Map_Player.h">
      <Filter>GameStage\Map_Element</Filter>
    </ClInclude>
    <ClInclude Include="Game_Stage\Map.h">
      <Filter>GameStage</Filter>
    </ClInclude>
    <ClInclude Include="World.h" />
    <ClInclude Include="Utilities\Resource_Manager.h">
      <Filter>Utillities</Filter>
    </ClInclude>
    <ClInclude Include="Packet_Handler\Receive\Handler.h">
      <Filter>Packet_Handler\Receive</Filter>
    </ClInclude>
    <ClInclude Include="Packet_Handler\Receive\RConstants.h">
      <Filter>Packet_Handler\Receive</Filter>
    </ClInclude>
    <ClInclude Include="Packet_Handler\Send\SAccount.h">
      <Filter>Packet_Handler\Send</Filter>
    </ClInclude>
    <ClInclude Include="Packet_Handler\Send\SAttack.h">
      <Filter>Packet_Handler\Send</Filter>
    </ClInclude>
    <ClInclude Include="Packet_Handler\Send\SCharacter.h">
      <Filter>Packet_Handler\Send</Filter>
    </ClInclude>
    <ClInclude Include="Packet_Handler\Send\SConnection.h">
      <Filter>Packet_Handler\Send</Filter>
    </ClInclude>
    <ClInclude Include="Packet_Handler\Send\SDoor.h">
      <Filter>Packet_Handler\Send</Filter>
    </ClInclude>
    <ClInclude Include="Packet_Handler\Send\SFace.h">
      <Filter>Packet_Handler\Send</Filter>
    </ClInclude>
    <ClInclude Include="Packet_Handler\Send\SInit.h">
      <Filter>Packet_Handler\Send</Filter>
    </ClInclude>
    <ClInclude Include="Packet_Handler\Send\SItem.h">
      <Filter>Packet_Handler\Send</Filter>
    </ClInclude>
    <ClInclude Include="Packet_Handler\Send\SLogin.h">
      <Filter>Packet_Handler\Send</Filter>
    </ClInclude>
    <ClInclude Include="Packet_Handler\Send\SPaperdoll.h">
      <Filter>Packet_Handler\Send</Filter>
    </ClInclude>
    <ClInclude Include="Packet_Handler\Send\SPlayers.h">
      <Filter>Packet_Handler\Send</Filter>
    </ClInclude>
    <ClInclude Include="Packet_Handler\Send\SRefresh.h">
      <Filter>Packet_Handler\Send</Filter>
    </ClInclude>
    <ClInclude Include="Packet_Handler\Send\STalk.h">
      <Filter>Packet_Handler\Send</Filter>
    </ClInclude>
    <ClInclude Include="Packet_Handler\Send\SWalk.h">
      <Filter>Packet_Handler\Send</Filter>
    </ClInclude>
    <ClInclude Include="Packet_Handler\Send\SWarp.h">
      <Filter>Packet_Handler\Send</Filter>
    </ClInclude>
    <ClInclude Include="Packet_Handler\Send\SWelcome.h">
      <Filter>Packet_Handler\Send</Filter>
    </ClInclude>
    <ClInclude Include="Game_Stage\Map_UI\Map_UI_Cursor.h">
      <Filter>GameStage\Map_UI</Filter>
    </ClInclude>
    <ClInclude Include="Game_Stage\Map_UI\Map_UI_ChatBubbleHandler.h">
      <Filter>GameStage\Map_UI</Filter>
    </ClInclude>
    <ClInclude Include="Game_Stage\Menu.h">
      <Filter>GameStage</Filter>
    </ClInclude>
    <ClInclude Include="Utilities\UI_InformationBox.h">
      <Filter>Utillities</Filter>
    </ClInclude>
    <ClInclude Include="Packet_Handler\Send\SShop.h">
      <Filter>Packet_Handler\Send</Filter>
    </ClInclude>
    <ClInclude Include="Game_Stage\Map_Element\CharacterModel.h">
      <Filter>GameStage\Map_Element</Filter>
    </ClInclude>
    <ClInclude Include="Resource_Manager.h" />
    <ClInclude Include="Packet_Handler\Send\SChest.h">
      <Filter>Packet_Handler\Send</Filter>
    </ClInclude>
  </ItemGroup>
  <ItemGroup>
    <CLInclude Include="resource.h">
      <Filter>Resource Files</Filter>
    </CLInclude>
  </ItemGroup>
  <ItemGroup>
    <None Include="Icon.ico">
      <Filter>Resource Files</Filter>
    </None>
  </ItemGroup>
  <ItemGroup>
    <ResourceCompile Include="EODev++.rc">
      <Filter>Resource Files</Filter>
    </ResourceCompile>
  </ItemGroup>
  <ItemGroup>
    <Font Include="PublicSans-Regular.otf" />
  </ItemGroup>
</Project>